
Microsoft Visual Studio Solution File, Format Version 12.00
# Visual Studio Version 16
VisualStudioVersion = 16.0.29306.81
MinimumVisualStudioVersion = 10.0.40219.1
Project("{FAE04EC0-301F-11D3-BF4B-00C04F79EFBC}") = "Kanban_Board", "Kanban_Board\Kanban_Board.csproj", "{2FC346AE-7AAA-45CA-9D7D-E20B1F85E94B}"
EndProject
Global
	GlobalSection(SolutionConfigurationPlatforms) = preSolution
		Debug|Any CPU = Debug|Any CPU
		Release|Any CPU = Release|Any CPU
	EndGlobalSection
	GlobalSection(ProjectConfigurationPlatforms) = postSolution
		{2FC346AE-7AAA-45CA-9D7D-E20B1F85E94B}.Debug|Any CPU.ActiveCfg = Debug|Any CPU
		{2FC346AE-7AAA-45CA-9D7D-E20B1F85E94B}.Debug|Any CPU.Build.0 = Debug|Any CPU
		{2FC346AE-7AAA-45CA-9D7D-E20B1F85E94B}.Release|Any CPU.ActiveCfg = Release|Any CPU
		{2FC346AE-7AAA-45CA-9D7D-E20B1F85E94B}.Release|Any CPU.Build.0 = Release|Any CPU
	EndGlobalSection
	GlobalSection(SolutionProperties) = preSolution
		HideSolutionNode = FALSE
	EndGlobalSection
	GlobalSection(ExtensibilityGlobals) = postSolution
		SolutionGuid = {EAE6BFC3-08EB-4411-BA36-D0D11FB32DA7}
	EndGlobalSection
EndGlobal
